
Microsoft Visual Studio Solution File, Format Version 12.00
# Visual Studio Version 17
VisualStudioVersion = 17.4.33122.133
MinimumVisualStudioVersion = 10.0.40219.1
Project("{FAE04EC0-301F-11D3-BF4B-00C04F79EFBC}") = "CarRent", "CarRent\CarRent.csproj", "{B1E09E1B-A915-4657-AE4E-6257B4095250}"
EndProject
Global
	GlobalSection(SolutionConfigurationPlatforms) = preSolution
		Debug|Any CPU = Debug|Any CPU
		Release|Any CPU = Release|Any CPU
	EndGlobalSection
	GlobalSection(ProjectConfigurationPlatforms) = postSolution
		{B1E09E1B-A915-4657-AE4E-6257B4095250}.Debug|Any CPU.ActiveCfg = Debug|Any CPU
		{B1E09E1B-A915-4657-AE4E-6257B4095250}.Debug|Any CPU.Build.0 = Debug|Any CPU
		{B1E09E1B-A915-4657-AE4E-6257B4095250}.Release|Any CPU.ActiveCfg = Release|Any CPU
		{B1E09E1B-A915-4657-AE4E-6257B4095250}.Release|Any CPU.Build.0 = Release|Any CPU
	EndGlobalSection
	GlobalSection(SolutionProperties) = preSolution
		HideSolutionNode = FALSE
	EndGlobalSection
	GlobalSection(ExtensibilityGlobals) = postSolution
		SolutionGuid = {5F1BC43D-3494-4CA1-AAF2-CF8320CB3999}
	EndGlobalSection
EndGlobal
